# Code generated by scarb DO NOT EDIT.
version = 1

[[package]]
name = "ecdsa"
version = "0.1.0"
dependencies = [
 "garaga",
]

[[package]]
name = "garaga"
version = "0.15.3"
source = "git+https://github.com/m-kus/garaga?rev=3c64b14bc60c532df427f765c7177266a4b50991#3c64b14bc60c532df427f765c7177266a4b50991"
